<?xml version="1.0" encoding="utf-8"?>
<Project ToolsVersion="4.0" xmlns="http://schemas.microsoft.com/developer/msbuild/2003">
  <ItemGroup>
    <Filter Include="Source Files">
      <UniqueIdentifier>{4FC737F1-C7A5-4376-A066-2A32D752A2FF}</UniqueIdentifier>
      <Extensions>cpp;c;cc;cxx;c++;cppm;ixx;def;odl;idl;hpj;bat;asm;asmx</Extensions>
    </Filter>
    <Filter Include="Header Files">
      <UniqueIdentifier>{93995380-89BD-4b04-88EB-625FBE52EBFB}</UniqueIdentifier>
      <Extensions>h;hh;hpp;hxx;h++;hm;inl;inc;ipp;xsd</Extensions>
    </Filter>
    <Filter Include="Resource Files">
      <UniqueIdentifier>{67DA6AB6-F800-4c08-8B7A-83BB121AAD01}</UniqueIdentifier>
      <Extensions>rc;ico;cur;bmp;dlg;rc2;rct;bin;rgs;gif;jpg;jpeg;jpe;resx;tiff;tif;png;wav;mfcribbon-ms</Extensions>
    </Filter>
  </ItemGroup>
  <ItemGroup>
    <ClCompile Include="DX3D\Source\DX3D\Core\Base.cpp">
      <Filter>Source Files</Filter>
    </ClCompile>
    <ClCompile Include="DX3D\Source\DX3D\Game\Game.cpp">
      <Filter>Source Files</Filter>
    </ClCompile>
    <ClCompile Include="DX3D\Source\DX3D\Core\Logger.cpp">
      <Filter>Source Files</Filter>
    </ClCompile>
    <ClCompile Include="DX3D\Source\DX3D\Game\Display.cpp">
      <Filter>Source Files</Filter>
    </ClCompile>
    <ClCompile Include="DX3D\Source\DX3D\Graphics\SwapChain.cpp">
      <Filter>Source Files</Filter>
    </ClCompile>
    <ClCompile Include="DX3D\Source\DX3D\Graphics\DeviceContext.cpp">
      <Filter>Source Files</Filter>
    </ClCompile>
    <ClCompile Include="DX3D\Source\DX3D\Graphics\ShaderBinary.cpp">
      <Filter>Source Files</Filter>
    </ClCompile>
    <ClCompile Include="DX3D\Source\DX3D\Graphics\GraphicsPipelineState.cpp">
      <Filter>Source Files</Filter>
    </ClCompile>
    <ClCompile Include="DX3D\Source\DX3D\Graphics\VertexBuffer.cpp">
      <Filter>Source Files</Filter>
    </ClCompile>
    <ClCompile Include="DX3D\Source\DX3D\Graphics\ConstantBuffer.cpp">
      <Filter>Source Files</Filter>
    </ClCompile>
    <ClCompile Include="DX3D\Source\DX3D\Graphics\IndexBuffer.cpp">
      <Filter>Source Files</Filter>
    </ClCompile>
    <ClCompile Include="DX3D\Include\DX3D\Math\MathUtils.h">
      <Filter>Source Files</Filter>
    </ClCompile>
    <ClCompile Include="DX3D\Source\DX3D\Game\GameObject.cpp">
      <Filter>Source Files</Filter>
    </ClCompile>
    <ClCompile Include="DX3D\Source\DX3D\Game\World.cpp">
      <Filter>Source Files</Filter>
    </ClCompile>
    <ClCompile Include="Game\MainGame.cpp">
      <Filter>Source Files</Filter>
    </ClCompile>
    <ClCompile Include="DX3D\Source\DX3D\Component\TransformComponent.cpp">
      <Filter>Source Files</Filter>
    </ClCompile>
    <ClCompile Include="DX3D\Source\DX3D\Game\Component.cpp">
      <Filter>Source Files</Filter>
    </ClCompile>
    <ClCompile Include="DX3D\Source\DX3D\Component\CubeComponent.cpp">
      <Filter>Source Files</Filter>
    </ClCompile>
    <ClCompile Include="DX3D\Source\DX3D\Input\InputSystem.cpp">
      <Filter>Source Files</Filter>
    </ClCompile>
    <ClCompile Include="DX3D\Source\DX3D\Component\CameraComponent.cpp">
      <Filter>Source Files</Filter>
    </ClCompile>
    <ClCompile Include="Game\Objects\Player.cpp">
      <Filter>Source Files</Filter>
    </ClCompile>
    <ClCompile Include="DX3D\Source\DX3D\Command\CommandActions.cpp">
      <Filter>Source Files</Filter>
    </ClCompile>
    <ClCompile Include="DX3D\Source\DX3D\Command\Command.cpp">
      <Filter>Source Files</Filter>
    </ClCompile>
    <ClCompile Include="DX3D\Source\DX3D\Resource\MaterialResource.cpp">
      <Filter>Source Files</Filter>
    </ClCompile>
    <ClCompile Include="DX3D\Source\DX3D\Resource\Resource.cpp">
      <Filter>Source Files</Filter>
    </ClCompile>
    <ClCompile Include="DX3D\Source\DX3D\Resource\ResourceManager.cpp">
      <Filter>Source Files</Filter>
    </ClCompile>
    <ClCompile Include="DX3D\Include\DX3D\Graphics\ImGui\imgui.cpp">
      <Filter>Source Files</Filter>
    </ClCompile>
    <ClCompile Include="DX3D\Include\DX3D\Graphics\ImGui\imgui_draw.cpp">
      <Filter>Source Files</Filter>
    </ClCompile>
    <ClCompile Include="DX3D\Include\DX3D\Graphics\ImGui\imgui_impl_dx11.cpp">
      <Filter>Source Files</Filter>
    </ClCompile>
    <ClCompile Include="DX3D\Include\DX3D\Graphics\ImGui\imgui_impl_win32.cpp">
      <Filter>Source Files</Filter>
    </ClCompile>
    <ClCompile Include="DX3D\Include\DX3D\Graphics\ImGui\imgui_tables.cpp">
      <Filter>Source Files</Filter>
    </ClCompile>
    <ClCompile Include="DX3D\Include\DX3D\Graphics\ImGui\imgui_widgets.cpp">
      <Filter>Source Files</Filter>
    </ClCompile>
    <ClCompile Include="DX3D\Include\DX3D\Graphics\ImGui\imgui_demo.cpp">
      <Filter>Source Files</Filter>
    </ClCompile>
    <ClCompile Include="DX3D\Source\DX3D\GUI\AboutWin.cpp">
      <Filter>Source Files</Filter>
    </ClCompile>
    <ClCompile Include="DX3D\Source\DX3D\GUI\WinBase.cpp">
      <Filter>Source Files</Filter>
    </ClCompile>
    <ClCompile Include="DX3D\Source\DX3D\GUI\UIManager.cpp">
      <Filter>Source Files</Filter>
    </ClCompile>
    <ClCompile Include="DX3D\Source\DX3D\GUI\ColorWin.cpp">
      <Filter>Source Files</Filter>
    </ClCompile>
    <ClCompile Include="DX3D\Source\DX3D\Graphics\GraphicsPipelineLayout.cpp">
      <Filter>Source Files</Filter>
    </ClCompile>
    <ClCompile Include="DX3D\Source\DX3D\Graphics\Sampler.cpp">
      <Filter>Source Files</Filter>
    </ClCompile>
    <ClCompile Include="DX3D\Source\DX3D\Graphics\Texture.cpp">
      <Filter>Source Files</Filter>
    </ClCompile>
    <ClCompile Include="DX3D\Source\DX3D\Resource\TextureResource.cpp">
      <Filter>Source Files</Filter>
    </ClCompile>
    <ClCompile Include="DX3D\Source\DX3D\Game\Win32\Win32Game.cpp">
      <Filter>Source Files</Filter>
    </ClCompile>
    <ClCompile Include="DX3D\Source\DX3D\Game\WorldRenderer.cpp">
      <Filter>Source Files</Filter>
    </ClCompile>
    <ClCompile Include="DX3D\Source\DX3D\Graphics\GraphicsDevice.cpp">
      <Filter>Source Files</Filter>
    </ClCompile>
    <ClCompile Include="DX3D\Source\DX3D\Window\Win32Window.cpp">
      <Filter>Source Files</Filter>
    </ClCompile>
    <ClCompile Include="Game\main.cpp">
      <Filter>Source Files</Filter>
    </ClCompile>
    <ClCompile Include="DX3D\Source\DX3D\GUI\MenuBar.cpp">
      <Filter>Source Files</Filter>
    </ClCompile>
    <ClCompile Include="DX3D\Source\DX3D\Resource\MeshResource.cpp">
      <Filter>Source Files</Filter>
    </ClCompile>
    <ClCompile Include="DX3D\Source\DX3D\Component\MeshComponent.cpp">
      <Filter>Source Files</Filter>
    </ClCompile>
    <ClCompile Include="DX3D\Source\DX3D\Graphics\MeshBuffer.cpp">
      <Filter>Source Files</Filter>
    </ClCompile>
    <ClCompile Include="DX3D\Source\DX3D\Game\MeshObject.cpp">
      <Filter>Source Files</Filter>
    </ClCompile>
  </ItemGroup>
  <ItemGroup>
    <ClInclude Include="DX3D\Include\DX3D\Core\Base.h">
      <Filter>Header Files</Filter>
    </ClInclude>
    <ClInclude Include="DX3D\Include\DX3D\Core\Core.h">
      <Filter>Header Files</Filter>
    </ClInclude>
    <ClInclude Include="DX3D\Include\DX3D\All.h">
      <Filter>Header Files</Filter>
    </ClInclude>
    <ClInclude Include="DX3D\Include\DX3D\Window\Window.h">
      <Filter>Header Files</Filter>
    </ClInclude>
    <ClInclude Include="DX3D\Include\DX3D\Game\Game.h">
      <Filter>Header Files</Filter>
    </ClInclude>
    <ClInclude Include="DX3D\Include\DX3D\Core\Logger.h">
      <Filter>Header Files</Filter>
    </ClInclude>
    <ClInclude Include="DX3D\Include\DX3D\Core\Common.h">
      <Filter>Header Files</Filter>
    </ClInclude>
    <ClInclude Include="DX3D\Include\DX3D\Game\Display.h">
      <Filter>Header Files</Filter>
    </ClInclude>
    <ClInclude Include="DX3D\Include\DX3D\Math\Rect.h">
      <Filter>Header Files</Filter>
    </ClInclude>
    <ClInclude Include="DX3D\Source\DX3D\Graphics\GraphicsLogUtils.h">
      <Filter>Header Files</Filter>
    </ClInclude>
    <ClInclude Include="DX3D\Source\DX3D\Graphics\GraphicsResource.h">
      <Filter>Header Files</Filter>
    </ClInclude>
    <ClInclude Include="DX3D\Source\DX3D\Graphics\SwapChain.h">
      <Filter>Header Files</Filter>
    </ClInclude>
    <ClInclude Include="DX3D\Source\DX3D\Graphics\DeviceContext.h">
      <Filter>Header Files</Filter>
    </ClInclude>
    <ClInclude Include="DX3D\Include\DX3D\Math\Vec4.h">
      <Filter>Header Files</Filter>
    </ClInclude>
    <ClInclude Include="DX3D\Source\DX3D\Graphics\GraphicsUtils.h">
      <Filter>Header Files</Filter>
    </ClInclude>
    <ClInclude Include="DX3D\Source\DX3D\Graphics\ShaderBinary.h">
      <Filter>Header Files</Filter>
    </ClInclude>
    <ClInclude Include="DX3D\Source\DX3D\Graphics\GraphicsPipelineState.h">
      <Filter>Header Files</Filter>
    </ClInclude>
    <ClInclude Include="DX3D\Source\DX3D\Graphics\VertexBuffer.h">
      <Filter>Header Files</Filter>
    </ClInclude>
    <ClInclude Include="DX3D\Include\DX3D\Math\Vec3.h">
      <Filter>Header Files</Filter>
    </ClInclude>
    <ClInclude Include="DX3D\Source\DX3D\Graphics\ConstantBuffer.h">
      <Filter>Header Files</Filter>
    </ClInclude>
    <ClInclude Include="DX3D\Include\DX3D\Math\Mat4x4.h">
      <Filter>Header Files</Filter>
    </ClInclude>
    <ClInclude Include="DX3D\Source\DX3D\Graphics\IndexBuffer.h">
      <Filter>Header Files</Filter>
    </ClInclude>
    <ClInclude Include="Game\Objects\Player.h">
      <Filter>Header Files</Filter>
    </ClInclude>
    <ClInclude Include="DX3D\Include\DX3D\Core\Identifiable.h">
      <Filter>Header Files</Filter>
    </ClInclude>
    <ClInclude Include="DX3D\Include\DX3D\Game\GameObject.h">
      <Filter>Header Files</Filter>
    </ClInclude>
    <ClInclude Include="DX3D\Include\DX3D\Game\World.h">
      <Filter>Header Files</Filter>
    </ClInclude>
    <ClInclude Include="Game\MainGame.h">
      <Filter>Header Files</Filter>
    </ClInclude>
    <ClInclude Include="DX3D\Include\DX3D\Component\TransformComponent.h">
      <Filter>Header Files</Filter>
    </ClInclude>
    <ClInclude Include="DX3D\Include\DX3D\Game\Component.h">
      <Filter>Header Files</Filter>
    </ClInclude>
    <ClInclude Include="DX3D\Include\DX3D\Component\CubeComponent.h">
      <Filter>Header Files</Filter>
    </ClInclude>
    <ClInclude Include="DX3D\Include\DX3D\Input\InputSystem.h">
      <Filter>Header Files</Filter>
    </ClInclude>
    <ClInclude Include="DX3D\Include\DX3D\Math\Vec2.h">
      <Filter>Header Files</Filter>
    </ClInclude>
    <ClInclude Include="DX3D\Include\DX3D\Component\CameraComponent.h">
      <Filter>Header Files</Filter>
    </ClInclude>
    <ClInclude Include="DX3D\Include\DX3D\Command\CommandActions.h">
      <Filter>Header Files</Filter>
    </ClInclude>
    <ClInclude Include="DX3D\Include\DX3D\Command\Command.h">
      <Filter>Header Files</Filter>
    </ClInclude>
    <ClInclude Include="DX3D\Include\DX3D\Resource\MaterialResource.h">
      <Filter>Header Files</Filter>
    </ClInclude>
    <ClInclude Include="DX3D\Include\DX3D\Resource\Resource.h">
      <Filter>Header Files</Filter>
    </ClInclude>
    <ClInclude Include="DX3D\Include\DX3D\Resource\ResourceManager.h">
      <Filter>Header Files</Filter>
    </ClInclude>
    <ClInclude Include="DX3D\Source\DX3D\Graphics\ShaderInclude.h">
      <Filter>Header Files</Filter>
    </ClInclude>
    <ClInclude Include="DX3D\Include\DX3D\Graphics\ImGui\imconfig.h">
      <Filter>Header Files</Filter>
    </ClInclude>
    <ClInclude Include="DX3D\Include\DX3D\Graphics\ImGui\imgui.h">
      <Filter>Header Files</Filter>
    </ClInclude>
    <ClInclude Include="DX3D\Include\DX3D\Graphics\ImGui\imgui_impl_dx11.h">
      <Filter>Header Files</Filter>
    </ClInclude>
    <ClInclude Include="DX3D\Include\DX3D\Graphics\ImGui\imgui_impl_win32.h">
      <Filter>Header Files</Filter>
    </ClInclude>
    <ClInclude Include="DX3D\Include\DX3D\Graphics\ImGui\imgui_internal.h">
      <Filter>Header Files</Filter>
    </ClInclude>
    <ClInclude Include="DX3D\Include\DX3D\Graphics\ImGui\imstb_rectpack.h">
      <Filter>Header Files</Filter>
    </ClInclude>
    <ClInclude Include="DX3D\Include\DX3D\Graphics\ImGui\imstb_textedit.h">
      <Filter>Header Files</Filter>
    </ClInclude>
    <ClInclude Include="DX3D\Include\DX3D\Graphics\ImGui\imstb_truetype.h">
      <Filter>Header Files</Filter>
    </ClInclude>
    <ClInclude Include="DX3D\Source\DX3D\GUI\AboutWin.h">
      <Filter>Header Files</Filter>
    </ClInclude>
    <ClInclude Include="DX3D\Source\DX3D\GUI\WinBase.h">
      <Filter>Header Files</Filter>
    </ClInclude>
    <ClInclude Include="DX3D\Source\DX3D\GUI\UIManager.h">
      <Filter>Header Files</Filter>
    </ClInclude>
    <ClInclude Include="DX3D\Source\DX3D\GUI\ColorWin.h">
      <Filter>Header Files</Filter>
    </ClInclude>
    <ClInclude Include="DX3D\Include\DX3D\Resource\TextureResource.h">
      <Filter>Header Files</Filter>
    </ClInclude>
    <ClInclude Include="DX3D\Source\DX3D\Graphics\GraphicsPipelineLayout.h">
      <Filter>Header Files</Filter>
    </ClInclude>
    <ClInclude Include="DX3D\Source\DX3D\Graphics\Sampler.h">
      <Filter>Header Files</Filter>
    </ClInclude>
    <ClInclude Include="DX3D\Source\DX3D\Graphics\Texture.h">
      <Filter>Header Files</Filter>
    </ClInclude>
    <ClInclude Include="DX3D\Source\DX3D\Game\WorldRenderer.h">
      <Filter>Header Files</Filter>
    </ClInclude>
    <ClInclude Include="DX3D\Source\DX3D\Graphics\GraphicsDevice.h">
      <Filter>Header Files</Filter>
    </ClInclude>
    <ClInclude Include="DX3D\Source\DX3D\GUI\MenuBar.h">
      <Filter>Header Files</Filter>
    </ClInclude>
    <ClInclude Include="DX3D\Include\DX3D\Resource\MeshResource.h">
      <Filter>Header Files</Filter>
    </ClInclude>
    <ClInclude Include="DX3D\Include\DX3D\Component\MeshComponent.h">
      <Filter>Header Files</Filter>
    </ClInclude>
    <ClInclude Include="DX3D\Source\DX3D\Graphics\MeshBuffer.h">
      <Filter>Header Files</Filter>
    </ClInclude>
    <ClInclude Include="DX3D\Source\DX3D\Game\MeshObject.h">
      <Filter>Header Files</Filter>
    </ClInclude>
  </ItemGroup>
  <ItemGroup>
    <None Include="shadertoolsconfig.json" />
  </ItemGroup>
</Project>